
Microsoft Visual Studio Solution File, Format Version 12.00
# Visual Studio 15
VisualStudioVersion = 15.0.26403.7
MinimumVisualStudioVersion = 10.0.40219.1
Project("{2150E333-8FDC-42A3-9474-1A3956D46DE8}") = "src", "src", "{E8D52073-B8BB-4E20-A286-5BBFFCB65187}"
EndProject
Project("{2150E333-8FDC-42A3-9474-1A3956D46DE8}") = "Solution Items", "Solution Items", "{A2E9CD63-6948-4A30-9C4F-9AF716AF2FE1}"
EndProject
Project("{9A19103F-16F7-4668-BE54-9A1E7A4F7556}") = "JDiscipline", "src\MVCtest1\JDiscipline.csproj", "{64B122D0-7054-4B1E-90B5-56F9EA79D584}"
EndProject
Global
	GlobalSection(SolutionConfigurationPlatforms) = preSolution
		Debug|Any CPU = Debug|Any CPU
		Release|Any CPU = Release|Any CPU
	EndGlobalSection
	GlobalSection(ProjectConfigurationPlatforms) = postSolution
		{64B122D0-7054-4B1E-90B5-56F9EA79D584}.Debug|Any CPU.ActiveCfg = Debug|Any CPU
		{64B122D0-7054-4B1E-90B5-56F9EA79D584}.Debug|Any CPU.Build.0 = Debug|Any CPU
		{64B122D0-7054-4B1E-90B5-56F9EA79D584}.Release|Any CPU.ActiveCfg = Release|Any CPU
		{64B122D0-7054-4B1E-90B5-56F9EA79D584}.Release|Any CPU.Build.0 = Release|Any CPU
	EndGlobalSection
	GlobalSection(SolutionProperties) = preSolution
		HideSolutionNode = FALSE
	EndGlobalSection
	GlobalSection(NestedProjects) = preSolution
		{64B122D0-7054-4B1E-90B5-56F9EA79D584} = {E8D52073-B8BB-4E20-A286-5BBFFCB65187}
	EndGlobalSection
EndGlobal
