
Microsoft Visual Studio Solution File, Format Version 12.00
# Visual Studio 15
VisualStudioVersion = 15.0.27130.2010
MinimumVisualStudioVersion = 10.0.40219.1
Project("{2150E333-8FDC-42A3-9474-1A3956D46DE8}") = "src", "src", "{A676F430-39BE-4968-A293-A2238631FF4E}"
EndProject
Project("{2150E333-8FDC-42A3-9474-1A3956D46DE8}") = "config", "config", "{F73747F4-5C19-4AB1-A4D7-057CD7889939}"
EndProject
Project("{FAE04EC0-301F-11D3-BF4B-00C04F79EFBC}") = "MediaInfoDotNet", "src\MediaInfoDotNet\MediaInfoDotNet.csproj", "{3DDA4B81-B020-4044-B0E8-CC8A190FE00E}"
EndProject
Project("{9A19103F-16F7-4668-BE54-9A1E7A4F7556}") = "HD.TVAD.ApplicationCore", "src\HD.TVAD.ApplicationCore\HD.TVAD.ApplicationCore.csproj", "{549C7B65-45D3-4B99-A279-4B50AF79266C}"
EndProject
Project("{9A19103F-16F7-4668-BE54-9A1E7A4F7556}") = "HD.TVAD.Infrastructure", "src\HD.TVAD.Infrastructure\HD.TVAD.Infrastructure.csproj", "{343AD501-0202-4956-8E07-AACBC50EAB7F}"
EndProject
Project("{2150E333-8FDC-42A3-9474-1A3956D46DE8}") = "Library", "Library", "{75574B05-A289-4AE3-9727-91D35C11BE36}"
EndProject
Project("{9A19103F-16F7-4668-BE54-9A1E7A4F7556}") = "HD.Web.TVAD", "src\HD.TVAD.Web\HD.Web.TVAD.csproj", "{1543AF19-8473-4015-BFE8-D7BED5E7B9B8}"
EndProject
Project("{9A19103F-16F7-4668-BE54-9A1E7A4F7556}") = "HD.Localization", "src\HD.Localization\HD.Localization.csproj", "{8C0E840E-BF30-4647-913D-2056E6B6B009}"
EndProject
Project("{9A19103F-16F7-4668-BE54-9A1E7A4F7556}") = "HD.TVAD.Entities", "src\HD.TVAD.Entities\HD.TVAD.Entities.csproj", "{C2AD3482-E3AD-40D8-AD68-DFA2442A9DED}"
EndProject
Project("{9A19103F-16F7-4668-BE54-9A1E7A4F7556}") = "HD.TVAD.Processing", "src\HD.TVAD.Processing\HD.TVAD.Processing.csproj", "{B26DC703-71B5-4786-9AE0-93D4DCD0F63F}"
EndProject
Project("{9A19103F-16F7-4668-BE54-9A1E7A4F7556}") = "HD.TVAD.Services", "src\HD.TVAD.Services\HD.TVAD.Services.csproj", "{05779FBB-C806-496E-AE7B-C6160F5942C7}"
EndProject
Project("{2150E333-8FDC-42A3-9474-1A3956D46DE8}") = "Solution Items", "Solution Items", "{AE97CFE7-7DFF-4992-9830-35E4001D7AD1}"
	ProjectSection(SolutionItems) = preProject
		NuGet.Config = NuGet.Config
	EndProjectSection
EndProject
Project("{2150E333-8FDC-42A3-9474-1A3956D46DE8}") = "Service", "Service", "{396220A0-445D-4806-A05A-DD8F05321703}"
EndProject
Project("{FAE04EC0-301F-11D3-BF4B-00C04F79EFBC}") = "CopyMediaFromOld", "src\Service\CopyMediaFromOld\CopyMediaFromOld.csproj", "{6CAC8124-5FAB-462F-8E04-4C13E69F4461}"
EndProject
Project("{8BC9CEB8-8B4A-11D0-8D11-00A0C91BC942}") = "ConvertSDToHDLib", "src\Service\ConvertSDToHDLib\ConvertSDToHDLib.vcxproj", "{6773D603-639A-4109-9D31-3C8DE9F1B602}"
EndProject
Project("{FAE04EC0-301F-11D3-BF4B-00C04F79EFBC}") = "ConvertMediaFromOld", "src\Service\ConvertMediaFromOld\ConvertMediaFromOld.csproj", "{61E1DC57-34A9-4F47-973C-5455035B219E}"
EndProject
Project("{8BC9CEB8-8B4A-11D0-8D11-00A0C91BC942}") = "bufstream", "src\Service\Dependencies\mainconcept\include\bufstream\bufstream.vcxproj", "{CBA68545-FC9A-40D0-94AD-9D1419690D04}"
EndProject
Project("{FAE04EC0-301F-11D3-BF4B-00C04F79EFBC}") = "HDTranscode", "src\Service\HDTranscode\HDTranscode.csproj", "{6D067B4B-E21B-4444-9CB4-1CC805591E8C}"
EndProject
Project("{FAE04EC0-301F-11D3-BF4B-00C04F79EFBC}") = "CopyMetadataOldToNew", "src\Service\CopyMetadataOldToNew\CopyMetadataOldToNew.csproj", "{F209CC04-23D0-4B5E-9EB8-37B40B1A835F}"
EndProject
Project("{9A19103F-16F7-4668-BE54-9A1E7A4F7556}") = "HD.TVADOld.Entities", "src\Service\HD.TVADOld.Entities\HD.TVADOld.Entities.csproj", "{A3304D1E-8574-41B3-BE36-B4F7850D670D}"
EndProject
Global
	GlobalSection(SolutionConfigurationPlatforms) = preSolution
		Debug|Any CPU = Debug|Any CPU
		Debug|x64 = Debug|x64
		Debug|x86 = Debug|x86
		Release|Any CPU = Release|Any CPU
		Release|x64 = Release|x64
		Release|x86 = Release|x86
	EndGlobalSection
	GlobalSection(ProjectConfigurationPlatforms) = postSolution
		{3DDA4B81-B020-4044-B0E8-CC8A190FE00E}.Debug|Any CPU.ActiveCfg = Debug|Any CPU
		{3DDA4B81-B020-4044-B0E8-CC8A190FE00E}.Debug|Any CPU.Build.0 = Debug|Any CPU
		{3DDA4B81-B020-4044-B0E8-CC8A190FE00E}.Debug|x64.ActiveCfg = Debug|Any CPU
		{3DDA4B81-B020-4044-B0E8-CC8A190FE00E}.Debug|x64.Build.0 = Debug|Any CPU
		{3DDA4B81-B020-4044-B0E8-CC8A190FE00E}.Debug|x86.ActiveCfg = Debug|x86
		{3DDA4B81-B020-4044-B0E8-CC8A190FE00E}.Debug|x86.Build.0 = Debug|x86
		{3DDA4B81-B020-4044-B0E8-CC8A190FE00E}.Release|Any CPU.ActiveCfg = Release|Any CPU
		{3DDA4B81-B020-4044-B0E8-CC8A190FE00E}.Release|Any CPU.Build.0 = Release|Any CPU
		{3DDA4B81-B020-4044-B0E8-CC8A190FE00E}.Release|x64.ActiveCfg = Release|Any CPU
		{3DDA4B81-B020-4044-B0E8-CC8A190FE00E}.Release|x64.Build.0 = Release|Any CPU
		{3DDA4B81-B020-4044-B0E8-CC8A190FE00E}.Release|x86.ActiveCfg = Release|x86
		{3DDA4B81-B020-4044-B0E8-CC8A190FE00E}.Release|x86.Build.0 = Release|x86
		{549C7B65-45D3-4B99-A279-4B50AF79266C}.Debug|Any CPU.ActiveCfg = Debug|Any CPU
		{549C7B65-45D3-4B99-A279-4B50AF79266C}.Debug|Any CPU.Build.0 = Debug|Any CPU
		{549C7B65-45D3-4B99-A279-4B50AF79266C}.Debug|x64.ActiveCfg = Debug|Any CPU
		{549C7B65-45D3-4B99-A279-4B50AF79266C}.Debug|x64.Build.0 = Debug|Any CPU
		{549C7B65-45D3-4B99-A279-4B50AF79266C}.Debug|x86.ActiveCfg = Debug|Any CPU
		{549C7B65-45D3-4B99-A279-4B50AF79266C}.Debug|x86.Build.0 = Debug|Any CPU
		{549C7B65-45D3-4B99-A279-4B50AF79266C}.Release|Any CPU.ActiveCfg = Release|Any CPU
		{549C7B65-45D3-4B99-A279-4B50AF79266C}.Release|Any CPU.Build.0 = Release|Any CPU
		{549C7B65-45D3-4B99-A279-4B50AF79266C}.Release|x64.ActiveCfg = Release|Any CPU
		{549C7B65-45D3-4B99-A279-4B50AF79266C}.Release|x64.Build.0 = Release|Any CPU
		{549C7B65-45D3-4B99-A279-4B50AF79266C}.Release|x86.ActiveCfg = Release|Any CPU
		{549C7B65-45D3-4B99-A279-4B50AF79266C}.Release|x86.Build.0 = Release|Any CPU
		{343AD501-0202-4956-8E07-AACBC50EAB7F}.Debug|Any CPU.ActiveCfg = Debug|Any CPU
		{343AD501-0202-4956-8E07-AACBC50EAB7F}.Debug|Any CPU.Build.0 = Debug|Any CPU
		{343AD501-0202-4956-8E07-AACBC50EAB7F}.Debug|x64.ActiveCfg = Debug|Any CPU
		{343AD501-0202-4956-8E07-AACBC50EAB7F}.Debug|x64.Build.0 = Debug|Any CPU
		{343AD501-0202-4956-8E07-AACBC50EAB7F}.Debug|x86.ActiveCfg = Debug|Any CPU
		{343AD501-0202-4956-8E07-AACBC50EAB7F}.Debug|x86.Build.0 = Debug|Any CPU
		{343AD501-0202-4956-8E07-AACBC50EAB7F}.Release|Any CPU.ActiveCfg = Release|Any CPU
		{343AD501-0202-4956-8E07-AACBC50EAB7F}.Release|Any CPU.Build.0 = Release|Any CPU
		{343AD501-0202-4956-8E07-AACBC50EAB7F}.Release|x64.ActiveCfg = Release|Any CPU
		{343AD501-0202-4956-8E07-AACBC50EAB7F}.Release|x64.Build.0 = Release|Any CPU
		{343AD501-0202-4956-8E07-AACBC50EAB7F}.Release|x86.ActiveCfg = Release|Any CPU
		{343AD501-0202-4956-8E07-AACBC50EAB7F}.Release|x86.Build.0 = Release|Any CPU
		{1543AF19-8473-4015-BFE8-D7BED5E7B9B8}.Debug|Any CPU.ActiveCfg = Debug|Any CPU
		{1543AF19-8473-4015-BFE8-D7BED5E7B9B8}.Debug|Any CPU.Build.0 = Debug|Any CPU
		{1543AF19-8473-4015-BFE8-D7BED5E7B9B8}.Debug|x64.ActiveCfg = Debug|Any CPU
		{1543AF19-8473-4015-BFE8-D7BED5E7B9B8}.Debug|x64.Build.0 = Debug|Any CPU
		{1543AF19-8473-4015-BFE8-D7BED5E7B9B8}.Debug|x86.ActiveCfg = Debug|Any CPU
		{1543AF19-8473-4015-BFE8-D7BED5E7B9B8}.Debug|x86.Build.0 = Debug|Any CPU
		{1543AF19-8473-4015-BFE8-D7BED5E7B9B8}.Release|Any CPU.ActiveCfg = Release|Any CPU
		{1543AF19-8473-4015-BFE8-D7BED5E7B9B8}.Release|Any CPU.Build.0 = Release|Any CPU
		{1543AF19-8473-4015-BFE8-D7BED5E7B9B8}.Release|x64.ActiveCfg = Release|Any CPU
		{1543AF19-8473-4015-BFE8-D7BED5E7B9B8}.Release|x64.Build.0 = Release|Any CPU
		{1543AF19-8473-4015-BFE8-D7BED5E7B9B8}.Release|x86.ActiveCfg = Release|Any CPU
		{1543AF19-8473-4015-BFE8-D7BED5E7B9B8}.Release|x86.Build.0 = Release|Any CPU
		{8C0E840E-BF30-4647-913D-2056E6B6B009}.Debug|Any CPU.ActiveCfg = Debug|Any CPU
		{8C0E840E-BF30-4647-913D-2056E6B6B009}.Debug|Any CPU.Build.0 = Debug|Any CPU
		{8C0E840E-BF30-4647-913D-2056E6B6B009}.Debug|x64.ActiveCfg = Debug|Any CPU
		{8C0E840E-BF30-4647-913D-2056E6B6B009}.Debug|x64.Build.0 = Debug|Any CPU
		{8C0E840E-BF30-4647-913D-2056E6B6B009}.Debug|x86.ActiveCfg = Debug|Any CPU
		{8C0E840E-BF30-4647-913D-2056E6B6B009}.Debug|x86.Build.0 = Debug|Any CPU
		{8C0E840E-BF30-4647-913D-2056E6B6B009}.Release|Any CPU.ActiveCfg = Release|Any CPU
		{8C0E840E-BF30-4647-913D-2056E6B6B009}.Release|Any CPU.Build.0 = Release|Any CPU
		{8C0E840E-BF30-4647-913D-2056E6B6B009}.Release|x64.ActiveCfg = Release|Any CPU
		{8C0E840E-BF30-4647-913D-2056E6B6B009}.Release|x64.Build.0 = Release|Any CPU
		{8C0E840E-BF30-4647-913D-2056E6B6B009}.Release|x86.ActiveCfg = Release|Any CPU
		{8C0E840E-BF30-4647-913D-2056E6B6B009}.Release|x86.Build.0 = Release|Any CPU
		{C2AD3482-E3AD-40D8-AD68-DFA2442A9DED}.Debug|Any CPU.ActiveCfg = Debug|Any CPU
		{C2AD3482-E3AD-40D8-AD68-DFA2442A9DED}.Debug|Any CPU.Build.0 = Debug|Any CPU
		{C2AD3482-E3AD-40D8-AD68-DFA2442A9DED}.Debug|x64.ActiveCfg = Debug|Any CPU
		{C2AD3482-E3AD-40D8-AD68-DFA2442A9DED}.Debug|x64.Build.0 = Debug|Any CPU
		{C2AD3482-E3AD-40D8-AD68-DFA2442A9DED}.Debug|x86.ActiveCfg = Debug|Any CPU
		{C2AD3482-E3AD-40D8-AD68-DFA2442A9DED}.Debug|x86.Build.0 = Debug|Any CPU
		{C2AD3482-E3AD-40D8-AD68-DFA2442A9DED}.Release|Any CPU.ActiveCfg = Release|Any CPU
		{C2AD3482-E3AD-40D8-AD68-DFA2442A9DED}.Release|Any CPU.Build.0 = Release|Any CPU
		{C2AD3482-E3AD-40D8-AD68-DFA2442A9DED}.Release|x64.ActiveCfg = Release|Any CPU
		{C2AD3482-E3AD-40D8-AD68-DFA2442A9DED}.Release|x64.Build.0 = Release|Any CPU
		{C2AD3482-E3AD-40D8-AD68-DFA2442A9DED}.Release|x86.ActiveCfg = Release|Any CPU
		{C2AD3482-E3AD-40D8-AD68-DFA2442A9DED}.Release|x86.Build.0 = Release|Any CPU
		{B26DC703-71B5-4786-9AE0-93D4DCD0F63F}.Debug|Any CPU.ActiveCfg = Debug|Any CPU
		{B26DC703-71B5-4786-9AE0-93D4DCD0F63F}.Debug|Any CPU.Build.0 = Debug|Any CPU
		{B26DC703-71B5-4786-9AE0-93D4DCD0F63F}.Debug|x64.ActiveCfg = Debug|Any CPU
		{B26DC703-71B5-4786-9AE0-93D4DCD0F63F}.Debug|x64.Build.0 = Debug|Any CPU
		{B26DC703-71B5-4786-9AE0-93D4DCD0F63F}.Debug|x86.ActiveCfg = Debug|Any CPU
		{B26DC703-71B5-4786-9AE0-93D4DCD0F63F}.Debug|x86.Build.0 = Debug|Any CPU
		{B26DC703-71B5-4786-9AE0-93D4DCD0F63F}.Release|Any CPU.ActiveCfg = Release|Any CPU
		{B26DC703-71B5-4786-9AE0-93D4DCD0F63F}.Release|Any CPU.Build.0 = Release|Any CPU
		{B26DC703-71B5-4786-9AE0-93D4DCD0F63F}.Release|x64.ActiveCfg = Release|Any CPU
		{B26DC703-71B5-4786-9AE0-93D4DCD0F63F}.Release|x64.Build.0 = Release|Any CPU
		{B26DC703-71B5-4786-9AE0-93D4DCD0F63F}.Release|x86.ActiveCfg = Release|Any CPU
		{B26DC703-71B5-4786-9AE0-93D4DCD0F63F}.Release|x86.Build.0 = Release|Any CPU
		{05779FBB-C806-496E-AE7B-C6160F5942C7}.Debug|Any CPU.ActiveCfg = Debug|Any CPU
		{05779FBB-C806-496E-AE7B-C6160F5942C7}.Debug|Any CPU.Build.0 = Debug|Any CPU
		{05779FBB-C806-496E-AE7B-C6160F5942C7}.Debug|x64.ActiveCfg = Debug|Any CPU
		{05779FBB-C806-496E-AE7B-C6160F5942C7}.Debug|x64.Build.0 = Debug|Any CPU
		{05779FBB-C806-496E-AE7B-C6160F5942C7}.Debug|x86.ActiveCfg = Debug|Any CPU
		{05779FBB-C806-496E-AE7B-C6160F5942C7}.Debug|x86.Build.0 = Debug|Any CPU
		{05779FBB-C806-496E-AE7B-C6160F5942C7}.Release|Any CPU.ActiveCfg = Release|Any CPU
		{05779FBB-C806-496E-AE7B-C6160F5942C7}.Release|Any CPU.Build.0 = Release|Any CPU
		{05779FBB-C806-496E-AE7B-C6160F5942C7}.Release|x64.ActiveCfg = Release|Any CPU
		{05779FBB-C806-496E-AE7B-C6160F5942C7}.Release|x64.Build.0 = Release|Any CPU
		{05779FBB-C806-496E-AE7B-C6160F5942C7}.Release|x86.ActiveCfg = Release|Any CPU
		{05779FBB-C806-496E-AE7B-C6160F5942C7}.Release|x86.Build.0 = Release|Any CPU
		{6CAC8124-5FAB-462F-8E04-4C13E69F4461}.Debug|Any CPU.ActiveCfg = Debug|Any CPU
		{6CAC8124-5FAB-462F-8E04-4C13E69F4461}.Debug|x64.ActiveCfg = Debug|Any CPU
		{6CAC8124-5FAB-462F-8E04-4C13E69F4461}.Debug|x86.ActiveCfg = Debug|Any CPU
		{6CAC8124-5FAB-462F-8E04-4C13E69F4461}.Release|Any CPU.ActiveCfg = Release|Any CPU
		{6CAC8124-5FAB-462F-8E04-4C13E69F4461}.Release|x64.ActiveCfg = Release|Any CPU
		{6CAC8124-5FAB-462F-8E04-4C13E69F4461}.Release|x86.ActiveCfg = Release|Any CPU
		{6773D603-639A-4109-9D31-3C8DE9F1B602}.Debug|Any CPU.ActiveCfg = Debug|x64
		{6773D603-639A-4109-9D31-3C8DE9F1B602}.Debug|x64.ActiveCfg = Debug|x64
		{6773D603-639A-4109-9D31-3C8DE9F1B602}.Debug|x86.ActiveCfg = Debug|Win32
		{6773D603-639A-4109-9D31-3C8DE9F1B602}.Release|Any CPU.ActiveCfg = Release|x64
		{6773D603-639A-4109-9D31-3C8DE9F1B602}.Release|x64.ActiveCfg = Release|x64
		{6773D603-639A-4109-9D31-3C8DE9F1B602}.Release|x86.ActiveCfg = Release|Win32
		{61E1DC57-34A9-4F47-973C-5455035B219E}.Debug|Any CPU.ActiveCfg = Debug|Any CPU
		{61E1DC57-34A9-4F47-973C-5455035B219E}.Debug|x64.ActiveCfg = Debug|Any CPU
		{61E1DC57-34A9-4F47-973C-5455035B219E}.Debug|x86.ActiveCfg = Debug|Any CPU
		{61E1DC57-34A9-4F47-973C-5455035B219E}.Release|Any CPU.ActiveCfg = Release|Any CPU
		{61E1DC57-34A9-4F47-973C-5455035B219E}.Release|x64.ActiveCfg = Release|Any CPU
		{61E1DC57-34A9-4F47-973C-5455035B219E}.Release|x86.ActiveCfg = Release|Any CPU
		{CBA68545-FC9A-40D0-94AD-9D1419690D04}.Debug|Any CPU.ActiveCfg = Debug|x64
		{CBA68545-FC9A-40D0-94AD-9D1419690D04}.Debug|x64.ActiveCfg = Debug|x64
		{CBA68545-FC9A-40D0-94AD-9D1419690D04}.Debug|x86.ActiveCfg = Debug|Win32
		{CBA68545-FC9A-40D0-94AD-9D1419690D04}.Release|Any CPU.ActiveCfg = Release|x64
		{CBA68545-FC9A-40D0-94AD-9D1419690D04}.Release|x64.ActiveCfg = Release|x64
		{CBA68545-FC9A-40D0-94AD-9D1419690D04}.Release|x86.ActiveCfg = Release|Win32
		{6D067B4B-E21B-4444-9CB4-1CC805591E8C}.Debug|Any CPU.ActiveCfg = Debug|Any CPU
		{6D067B4B-E21B-4444-9CB4-1CC805591E8C}.Debug|x64.ActiveCfg = Debug|Any CPU
		{6D067B4B-E21B-4444-9CB4-1CC805591E8C}.Debug|x86.ActiveCfg = Debug|Any CPU
		{6D067B4B-E21B-4444-9CB4-1CC805591E8C}.Debug|x86.Build.0 = Debug|Any CPU
		{6D067B4B-E21B-4444-9CB4-1CC805591E8C}.Release|Any CPU.ActiveCfg = Release|Any CPU
		{6D067B4B-E21B-4444-9CB4-1CC805591E8C}.Release|x64.ActiveCfg = Release|Any CPU
		{6D067B4B-E21B-4444-9CB4-1CC805591E8C}.Release|x86.ActiveCfg = Release|Any CPU
		{6D067B4B-E21B-4444-9CB4-1CC805591E8C}.Release|x86.Build.0 = Release|Any CPU
		{F209CC04-23D0-4B5E-9EB8-37B40B1A835F}.Debug|Any CPU.ActiveCfg = Debug|Any CPU
		{F209CC04-23D0-4B5E-9EB8-37B40B1A835F}.Debug|Any CPU.Build.0 = Debug|Any CPU
		{F209CC04-23D0-4B5E-9EB8-37B40B1A835F}.Debug|x64.ActiveCfg = Debug|Any CPU
		{F209CC04-23D0-4B5E-9EB8-37B40B1A835F}.Debug|x64.Build.0 = Debug|Any CPU
		{F209CC04-23D0-4B5E-9EB8-37B40B1A835F}.Debug|x86.ActiveCfg = Debug|Any CPU
		{F209CC04-23D0-4B5E-9EB8-37B40B1A835F}.Debug|x86.Build.0 = Debug|Any CPU
		{F209CC04-23D0-4B5E-9EB8-37B40B1A835F}.Release|Any CPU.ActiveCfg = Release|Any CPU
		{F209CC04-23D0-4B5E-9EB8-37B40B1A835F}.Release|x64.ActiveCfg = Release|Any CPU
		{F209CC04-23D0-4B5E-9EB8-37B40B1A835F}.Release|x64.Build.0 = Release|Any CPU
		{F209CC04-23D0-4B5E-9EB8-37B40B1A835F}.Release|x86.ActiveCfg = Release|Any CPU
		{F209CC04-23D0-4B5E-9EB8-37B40B1A835F}.Release|x86.Build.0 = Release|Any CPU
		{A3304D1E-8574-41B3-BE36-B4F7850D670D}.Debug|Any CPU.ActiveCfg = Debug|Any CPU
		{A3304D1E-8574-41B3-BE36-B4F7850D670D}.Debug|Any CPU.Build.0 = Debug|Any CPU
		{A3304D1E-8574-41B3-BE36-B4F7850D670D}.Debug|x64.ActiveCfg = Debug|Any CPU
		{A3304D1E-8574-41B3-BE36-B4F7850D670D}.Debug|x64.Build.0 = Debug|Any CPU
		{A3304D1E-8574-41B3-BE36-B4F7850D670D}.Debug|x86.ActiveCfg = Debug|Any CPU
		{A3304D1E-8574-41B3-BE36-B4F7850D670D}.Debug|x86.Build.0 = Debug|Any CPU
		{A3304D1E-8574-41B3-BE36-B4F7850D670D}.Release|Any CPU.ActiveCfg = Release|Any CPU
		{A3304D1E-8574-41B3-BE36-B4F7850D670D}.Release|x64.ActiveCfg = Release|Any CPU
		{A3304D1E-8574-41B3-BE36-B4F7850D670D}.Release|x64.Build.0 = Release|Any CPU
		{A3304D1E-8574-41B3-BE36-B4F7850D670D}.Release|x86.ActiveCfg = Release|Any CPU
		{A3304D1E-8574-41B3-BE36-B4F7850D670D}.Release|x86.Build.0 = Release|Any CPU
	EndGlobalSection
	GlobalSection(SolutionProperties) = preSolution
		HideSolutionNode = FALSE
	EndGlobalSection
	GlobalSection(NestedProjects) = preSolution
		{3DDA4B81-B020-4044-B0E8-CC8A190FE00E} = {75574B05-A289-4AE3-9727-91D35C11BE36}
		{549C7B65-45D3-4B99-A279-4B50AF79266C} = {A676F430-39BE-4968-A293-A2238631FF4E}
		{343AD501-0202-4956-8E07-AACBC50EAB7F} = {A676F430-39BE-4968-A293-A2238631FF4E}
		{75574B05-A289-4AE3-9727-91D35C11BE36} = {A676F430-39BE-4968-A293-A2238631FF4E}
		{1543AF19-8473-4015-BFE8-D7BED5E7B9B8} = {A676F430-39BE-4968-A293-A2238631FF4E}
		{8C0E840E-BF30-4647-913D-2056E6B6B009} = {A676F430-39BE-4968-A293-A2238631FF4E}
		{C2AD3482-E3AD-40D8-AD68-DFA2442A9DED} = {A676F430-39BE-4968-A293-A2238631FF4E}
		{B26DC703-71B5-4786-9AE0-93D4DCD0F63F} = {A676F430-39BE-4968-A293-A2238631FF4E}
		{05779FBB-C806-496E-AE7B-C6160F5942C7} = {A676F430-39BE-4968-A293-A2238631FF4E}
		{396220A0-445D-4806-A05A-DD8F05321703} = {A676F430-39BE-4968-A293-A2238631FF4E}
		{6CAC8124-5FAB-462F-8E04-4C13E69F4461} = {396220A0-445D-4806-A05A-DD8F05321703}
		{6773D603-639A-4109-9D31-3C8DE9F1B602} = {396220A0-445D-4806-A05A-DD8F05321703}
		{61E1DC57-34A9-4F47-973C-5455035B219E} = {396220A0-445D-4806-A05A-DD8F05321703}
		{CBA68545-FC9A-40D0-94AD-9D1419690D04} = {396220A0-445D-4806-A05A-DD8F05321703}
		{6D067B4B-E21B-4444-9CB4-1CC805591E8C} = {396220A0-445D-4806-A05A-DD8F05321703}
		{F209CC04-23D0-4B5E-9EB8-37B40B1A835F} = {396220A0-445D-4806-A05A-DD8F05321703}
		{A3304D1E-8574-41B3-BE36-B4F7850D670D} = {396220A0-445D-4806-A05A-DD8F05321703}
	EndGlobalSection
	GlobalSection(ExtensibilityGlobals) = postSolution
		SolutionGuid = {978C168D-54F6-4B6B-84CB-1C5B4585FC68}
	EndGlobalSection
EndGlobal
