
Microsoft Visual Studio Solution File, Format Version 12.00
# Visual Studio 15
VisualStudioVersion = 15.0.27130.2010
MinimumVisualStudioVersion = 10.0.40219.1
Project("{2150E333-8FDC-42A3-9474-1A3956D46DE8}") = "src", "src", "{A676F430-39BE-4968-A293-A2238631FF4E}"
EndProject
Project("{2150E333-8FDC-42A3-9474-1A3956D46DE8}") = "config", "config", "{F73747F4-5C19-4AB1-A4D7-057CD7889939}"
EndProject
Project("{9A19103F-16F7-4668-BE54-9A1E7A4F7556}") = "HD.TVAD.ApplicationCore", "src\HD.TVAD.ApplicationCore\HD.TVAD.ApplicationCore.csproj", "{549C7B65-45D3-4B99-A279-4B50AF79266C}"
EndProject
Project("{9A19103F-16F7-4668-BE54-9A1E7A4F7556}") = "HD.TVAD.Infrastructure", "src\HD.TVAD.Infrastructure\HD.TVAD.Infrastructure.csproj", "{343AD501-0202-4956-8E07-AACBC50EAB7F}"
EndProject
Project("{9A19103F-16F7-4668-BE54-9A1E7A4F7556}") = "HD.Web.Delay", "src\HD.TVAD.Web\HD.Web.Delay.csproj", "{1543AF19-8473-4015-BFE8-D7BED5E7B9B8}"
EndProject
Project("{9A19103F-16F7-4668-BE54-9A1E7A4F7556}") = "HD.Localization", "src\HD.Localization\HD.Localization.csproj", "{8C0E840E-BF30-4647-913D-2056E6B6B009}"
EndProject
Project("{9A19103F-16F7-4668-BE54-9A1E7A4F7556}") = "HD.TVAD.Entities", "src\HD.TVAD.Entities\HD.TVAD.Entities.csproj", "{C2AD3482-E3AD-40D8-AD68-DFA2442A9DED}"
EndProject
Project("{9A19103F-16F7-4668-BE54-9A1E7A4F7556}") = "HD.TVAD.Processing", "src\HD.TVAD.Processing\HD.TVAD.Processing.csproj", "{B26DC703-71B5-4786-9AE0-93D4DCD0F63F}"
EndProject
Project("{9A19103F-16F7-4668-BE54-9A1E7A4F7556}") = "HD.TVAD.Services", "src\HD.TVAD.Services\HD.TVAD.Services.csproj", "{05779FBB-C806-496E-AE7B-C6160F5942C7}"
EndProject
Project("{2150E333-8FDC-42A3-9474-1A3956D46DE8}") = "Solution Items", "Solution Items", "{AE97CFE7-7DFF-4992-9830-35E4001D7AD1}"
	ProjectSection(SolutionItems) = preProject
		NuGet.Config = NuGet.Config
	EndProjectSection
EndProject
Global
	GlobalSection(SolutionConfigurationPlatforms) = preSolution
		Debug|Any CPU = Debug|Any CPU
		Debug|x64 = Debug|x64
		Debug|x86 = Debug|x86
		Release|Any CPU = Release|Any CPU
		Release|x64 = Release|x64
		Release|x86 = Release|x86
	EndGlobalSection
	GlobalSection(ProjectConfigurationPlatforms) = postSolution
		{549C7B65-45D3-4B99-A279-4B50AF79266C}.Debug|Any CPU.ActiveCfg = Debug|Any CPU
		{549C7B65-45D3-4B99-A279-4B50AF79266C}.Debug|Any CPU.Build.0 = Debug|Any CPU
		{549C7B65-45D3-4B99-A279-4B50AF79266C}.Debug|x64.ActiveCfg = Debug|Any CPU
		{549C7B65-45D3-4B99-A279-4B50AF79266C}.Debug|x64.Build.0 = Debug|Any CPU
		{549C7B65-45D3-4B99-A279-4B50AF79266C}.Debug|x86.ActiveCfg = Debug|Any CPU
		{549C7B65-45D3-4B99-A279-4B50AF79266C}.Debug|x86.Build.0 = Debug|Any CPU
		{549C7B65-45D3-4B99-A279-4B50AF79266C}.Release|Any CPU.ActiveCfg = Release|Any CPU
		{549C7B65-45D3-4B99-A279-4B50AF79266C}.Release|Any CPU.Build.0 = Release|Any CPU
		{549C7B65-45D3-4B99-A279-4B50AF79266C}.Release|x64.ActiveCfg = Release|Any CPU
		{549C7B65-45D3-4B99-A279-4B50AF79266C}.Release|x64.Build.0 = Release|Any CPU
		{549C7B65-45D3-4B99-A279-4B50AF79266C}.Release|x86.ActiveCfg = Release|Any CPU
		{549C7B65-45D3-4B99-A279-4B50AF79266C}.Release|x86.Build.0 = Release|Any CPU
		{343AD501-0202-4956-8E07-AACBC50EAB7F}.Debug|Any CPU.ActiveCfg = Debug|Any CPU
		{343AD501-0202-4956-8E07-AACBC50EAB7F}.Debug|Any CPU.Build.0 = Debug|Any CPU
		{343AD501-0202-4956-8E07-AACBC50EAB7F}.Debug|x64.ActiveCfg = Debug|Any CPU
		{343AD501-0202-4956-8E07-AACBC50EAB7F}.Debug|x64.Build.0 = Debug|Any CPU
		{343AD501-0202-4956-8E07-AACBC50EAB7F}.Debug|x86.ActiveCfg = Debug|Any CPU
		{343AD501-0202-4956-8E07-AACBC50EAB7F}.Debug|x86.Build.0 = Debug|Any CPU
		{343AD501-0202-4956-8E07-AACBC50EAB7F}.Release|Any CPU.ActiveCfg = Release|Any CPU
		{343AD501-0202-4956-8E07-AACBC50EAB7F}.Release|Any CPU.Build.0 = Release|Any CPU
		{343AD501-0202-4956-8E07-AACBC50EAB7F}.Release|x64.ActiveCfg = Release|Any CPU
		{343AD501-0202-4956-8E07-AACBC50EAB7F}.Release|x64.Build.0 = Release|Any CPU
		{343AD501-0202-4956-8E07-AACBC50EAB7F}.Release|x86.ActiveCfg = Release|Any CPU
		{343AD501-0202-4956-8E07-AACBC50EAB7F}.Release|x86.Build.0 = Release|Any CPU
		{1543AF19-8473-4015-BFE8-D7BED5E7B9B8}.Debug|Any CPU.ActiveCfg = Debug|Any CPU
		{1543AF19-8473-4015-BFE8-D7BED5E7B9B8}.Debug|Any CPU.Build.0 = Debug|Any CPU
		{1543AF19-8473-4015-BFE8-D7BED5E7B9B8}.Debug|x64.ActiveCfg = Debug|Any CPU
		{1543AF19-8473-4015-BFE8-D7BED5E7B9B8}.Debug|x64.Build.0 = Debug|Any CPU
		{1543AF19-8473-4015-BFE8-D7BED5E7B9B8}.Debug|x86.ActiveCfg = Debug|Any CPU
		{1543AF19-8473-4015-BFE8-D7BED5E7B9B8}.Debug|x86.Build.0 = Debug|Any CPU
		{1543AF19-8473-4015-BFE8-D7BED5E7B9B8}.Release|Any CPU.ActiveCfg = Release|Any CPU
		{1543AF19-8473-4015-BFE8-D7BED5E7B9B8}.Release|Any CPU.Build.0 = Release|Any CPU
		{1543AF19-8473-4015-BFE8-D7BED5E7B9B8}.Release|x64.ActiveCfg = Release|Any CPU
		{1543AF19-8473-4015-BFE8-D7BED5E7B9B8}.Release|x64.Build.0 = Release|Any CPU
		{1543AF19-8473-4015-BFE8-D7BED5E7B9B8}.Release|x86.ActiveCfg = Release|Any CPU
		{1543AF19-8473-4015-BFE8-D7BED5E7B9B8}.Release|x86.Build.0 = Release|Any CPU
		{8C0E840E-BF30-4647-913D-2056E6B6B009}.Debug|Any CPU.ActiveCfg = Debug|Any CPU
		{8C0E840E-BF30-4647-913D-2056E6B6B009}.Debug|Any CPU.Build.0 = Debug|Any CPU
		{8C0E840E-BF30-4647-913D-2056E6B6B009}.Debug|x64.ActiveCfg = Debug|Any CPU
		{8C0E840E-BF30-4647-913D-2056E6B6B009}.Debug|x64.Build.0 = Debug|Any CPU
		{8C0E840E-BF30-4647-913D-2056E6B6B009}.Debug|x86.ActiveCfg = Debug|Any CPU
		{8C0E840E-BF30-4647-913D-2056E6B6B009}.Debug|x86.Build.0 = Debug|Any CPU
		{8C0E840E-BF30-4647-913D-2056E6B6B009}.Release|Any CPU.ActiveCfg = Release|Any CPU
		{8C0E840E-BF30-4647-913D-2056E6B6B009}.Release|Any CPU.Build.0 = Release|Any CPU
		{8C0E840E-BF30-4647-913D-2056E6B6B009}.Release|x64.ActiveCfg = Release|Any CPU
		{8C0E840E-BF30-4647-913D-2056E6B6B009}.Release|x64.Build.0 = Release|Any CPU
		{8C0E840E-BF30-4647-913D-2056E6B6B009}.Release|x86.ActiveCfg = Release|Any CPU
		{8C0E840E-BF30-4647-913D-2056E6B6B009}.Release|x86.Build.0 = Release|Any CPU
		{C2AD3482-E3AD-40D8-AD68-DFA2442A9DED}.Debug|Any CPU.ActiveCfg = Debug|Any CPU
		{C2AD3482-E3AD-40D8-AD68-DFA2442A9DED}.Debug|Any CPU.Build.0 = Debug|Any CPU
		{C2AD3482-E3AD-40D8-AD68-DFA2442A9DED}.Debug|x64.ActiveCfg = Debug|Any CPU
		{C2AD3482-E3AD-40D8-AD68-DFA2442A9DED}.Debug|x64.Build.0 = Debug|Any CPU
		{C2AD3482-E3AD-40D8-AD68-DFA2442A9DED}.Debug|x86.ActiveCfg = Debug|Any CPU
		{C2AD3482-E3AD-40D8-AD68-DFA2442A9DED}.Debug|x86.Build.0 = Debug|Any CPU
		{C2AD3482-E3AD-40D8-AD68-DFA2442A9DED}.Release|Any CPU.ActiveCfg = Release|Any CPU
		{C2AD3482-E3AD-40D8-AD68-DFA2442A9DED}.Release|Any CPU.Build.0 = Release|Any CPU
		{C2AD3482-E3AD-40D8-AD68-DFA2442A9DED}.Release|x64.ActiveCfg = Release|Any CPU
		{C2AD3482-E3AD-40D8-AD68-DFA2442A9DED}.Release|x64.Build.0 = Release|Any CPU
		{C2AD3482-E3AD-40D8-AD68-DFA2442A9DED}.Release|x86.ActiveCfg = Release|Any CPU
		{C2AD3482-E3AD-40D8-AD68-DFA2442A9DED}.Release|x86.Build.0 = Release|Any CPU
		{B26DC703-71B5-4786-9AE0-93D4DCD0F63F}.Debug|Any CPU.ActiveCfg = Debug|Any CPU
		{B26DC703-71B5-4786-9AE0-93D4DCD0F63F}.Debug|Any CPU.Build.0 = Debug|Any CPU
		{B26DC703-71B5-4786-9AE0-93D4DCD0F63F}.Debug|x64.ActiveCfg = Debug|Any CPU
		{B26DC703-71B5-4786-9AE0-93D4DCD0F63F}.Debug|x64.Build.0 = Debug|Any CPU
		{B26DC703-71B5-4786-9AE0-93D4DCD0F63F}.Debug|x86.ActiveCfg = Debug|Any CPU
		{B26DC703-71B5-4786-9AE0-93D4DCD0F63F}.Debug|x86.Build.0 = Debug|Any CPU
		{B26DC703-71B5-4786-9AE0-93D4DCD0F63F}.Release|Any CPU.ActiveCfg = Release|Any CPU
		{B26DC703-71B5-4786-9AE0-93D4DCD0F63F}.Release|Any CPU.Build.0 = Release|Any CPU
		{B26DC703-71B5-4786-9AE0-93D4DCD0F63F}.Release|x64.ActiveCfg = Release|Any CPU
		{B26DC703-71B5-4786-9AE0-93D4DCD0F63F}.Release|x64.Build.0 = Release|Any CPU
		{B26DC703-71B5-4786-9AE0-93D4DCD0F63F}.Release|x86.ActiveCfg = Release|Any CPU
		{B26DC703-71B5-4786-9AE0-93D4DCD0F63F}.Release|x86.Build.0 = Release|Any CPU
		{05779FBB-C806-496E-AE7B-C6160F5942C7}.Debug|Any CPU.ActiveCfg = Debug|Any CPU
		{05779FBB-C806-496E-AE7B-C6160F5942C7}.Debug|Any CPU.Build.0 = Debug|Any CPU
		{05779FBB-C806-496E-AE7B-C6160F5942C7}.Debug|x64.ActiveCfg = Debug|Any CPU
		{05779FBB-C806-496E-AE7B-C6160F5942C7}.Debug|x64.Build.0 = Debug|Any CPU
		{05779FBB-C806-496E-AE7B-C6160F5942C7}.Debug|x86.ActiveCfg = Debug|Any CPU
		{05779FBB-C806-496E-AE7B-C6160F5942C7}.Debug|x86.Build.0 = Debug|Any CPU
		{05779FBB-C806-496E-AE7B-C6160F5942C7}.Release|Any CPU.ActiveCfg = Release|Any CPU
		{05779FBB-C806-496E-AE7B-C6160F5942C7}.Release|Any CPU.Build.0 = Release|Any CPU
		{05779FBB-C806-496E-AE7B-C6160F5942C7}.Release|x64.ActiveCfg = Release|Any CPU
		{05779FBB-C806-496E-AE7B-C6160F5942C7}.Release|x64.Build.0 = Release|Any CPU
		{05779FBB-C806-496E-AE7B-C6160F5942C7}.Release|x86.ActiveCfg = Release|Any CPU
		{05779FBB-C806-496E-AE7B-C6160F5942C7}.Release|x86.Build.0 = Release|Any CPU
	EndGlobalSection
	GlobalSection(SolutionProperties) = preSolution
		HideSolutionNode = FALSE
	EndGlobalSection
	GlobalSection(NestedProjects) = preSolution
		{549C7B65-45D3-4B99-A279-4B50AF79266C} = {A676F430-39BE-4968-A293-A2238631FF4E}
		{343AD501-0202-4956-8E07-AACBC50EAB7F} = {A676F430-39BE-4968-A293-A2238631FF4E}
		{1543AF19-8473-4015-BFE8-D7BED5E7B9B8} = {A676F430-39BE-4968-A293-A2238631FF4E}
		{8C0E840E-BF30-4647-913D-2056E6B6B009} = {A676F430-39BE-4968-A293-A2238631FF4E}
		{C2AD3482-E3AD-40D8-AD68-DFA2442A9DED} = {A676F430-39BE-4968-A293-A2238631FF4E}
		{B26DC703-71B5-4786-9AE0-93D4DCD0F63F} = {A676F430-39BE-4968-A293-A2238631FF4E}
		{05779FBB-C806-496E-AE7B-C6160F5942C7} = {A676F430-39BE-4968-A293-A2238631FF4E}
	EndGlobalSection
	GlobalSection(ExtensibilityGlobals) = postSolution
		SolutionGuid = {978C168D-54F6-4B6B-84CB-1C5B4585FC68}
	EndGlobalSection
EndGlobal
